
Microsoft Visual Studio Solution File, Format Version 12.00
# Visual Studio Version 17
VisualStudioVersion = 17.8.34316.72
MinimumVisualStudioVersion = 10.0.40219.1
Project("{9A19103F-16F7-4668-BE54-9A1E7A4F7556}") = "NaflimTools", "NaflimTools\NaflimTools.csproj", "{9B1A615E-0F77-45B3-942B-1ACB53FD3B3C}"
EndProject
Project("{9A19103F-16F7-4668-BE54-9A1E7A4F7556}") = "NaflimTools.WPF", "NaflimTools.WPF\NaflimTools.WPF.csproj", "{04A2A0C0-E927-4964-A72C-12E812E00BEE}"
EndProject
Global
	GlobalSection(SolutionConfigurationPlatforms) = preSolution
		Debug|Any CPU = Debug|Any CPU
		Release|Any CPU = Release|Any CPU
	EndGlobalSection
	GlobalSection(ProjectConfigurationPlatforms) = postSolution
		{9B1A615E-0F77-45B3-942B-1ACB53FD3B3C}.Debug|Any CPU.ActiveCfg = Debug|Any CPU
		{9B1A615E-0F77-45B3-942B-1ACB53FD3B3C}.Debug|Any CPU.Build.0 = Debug|Any CPU
		{9B1A615E-0F77-45B3-942B-1ACB53FD3B3C}.Release|Any CPU.ActiveCfg = Release|Any CPU
		{9B1A615E-0F77-45B3-942B-1ACB53FD3B3C}.Release|Any CPU.Build.0 = Release|Any CPU
		{04A2A0C0-E927-4964-A72C-12E812E00BEE}.Debug|Any CPU.ActiveCfg = Debug|Any CPU
		{04A2A0C0-E927-4964-A72C-12E812E00BEE}.Debug|Any CPU.Build.0 = Debug|Any CPU
		{04A2A0C0-E927-4964-A72C-12E812E00BEE}.Release|Any CPU.ActiveCfg = Release|Any CPU
		{04A2A0C0-E927-4964-A72C-12E812E00BEE}.Release|Any CPU.Build.0 = Release|Any CPU
	EndGlobalSection
	GlobalSection(SolutionProperties) = preSolution
		HideSolutionNode = FALSE
	EndGlobalSection
	GlobalSection(ExtensibilityGlobals) = postSolution
		SolutionGuid = {F39D783F-27E7-48F0-9A1D-2CB2F4DBD440}
	EndGlobalSection
EndGlobal
